
Microsoft Visual Studio Solution File, Format Version 12.00
# Visual Studio Version 17
VisualStudioVersion = 17.9.34723.18
MinimumVisualStudioVersion = 10.0.40219.1
Project("{FAE04EC0-301F-11D3-BF4B-00C04F79EFBC}") = "HotelApp", "HotelApp.csproj", "{559739F9-1C34-4722-8FE4-65FC5B2B5BD3}"
EndProject
Global
	GlobalSection(SolutionConfigurationPlatforms) = preSolution
		Debug|Any CPU = Debug|Any CPU
		Release|Any CPU = Release|Any CPU
	EndGlobalSection
	GlobalSection(ProjectConfigurationPlatforms) = postSolution
		{559739F9-1C34-4722-8FE4-65FC5B2B5BD3}.Debug|Any CPU.ActiveCfg = Debug|Any CPU
		{559739F9-1C34-4722-8FE4-65FC5B2B5BD3}.Debug|Any CPU.Build.0 = Debug|Any CPU
		{559739F9-1C34-4722-8FE4-65FC5B2B5BD3}.Release|Any CPU.ActiveCfg = Release|Any CPU
		{559739F9-1C34-4722-8FE4-65FC5B2B5BD3}.Release|Any CPU.Build.0 = Release|Any CPU
	EndGlobalSection
	GlobalSection(SolutionProperties) = preSolution
		HideSolutionNode = FALSE
	EndGlobalSection
	GlobalSection(ExtensibilityGlobals) = postSolution
		SolutionGuid = {B27EDFB3-235B-44B6-8E89-BB87102D78F2}
	EndGlobalSection
EndGlobal
